
Microsoft Visual Studio Solution File, Format Version 12.00
# Visual Studio Version 17
VisualStudioVersion = 17.8.34330.188
MinimumVisualStudioVersion = 10.0.40219.1
Project("{9A19103F-16F7-4668-BE54-9A1E7A4F7556}") = "RouteFinderAPI", "RouteFinderAPI\RouteFinderAPI.csproj", "{CAD9654C-B1ED-41DF-915E-696A2269F2EA}"
EndProject
Project("{FAE04EC0-301F-11D3-BF4B-00C04F79EFBC}") = "RouteFinderAPIUnitTest", "RouteFinderAPIUnitTest\RouteFinderAPIUnitTest.csproj", "{19958089-9CEA-4EE9-868E-C716C5C64BF2}"
EndProject
Global
	GlobalSection(SolutionConfigurationPlatforms) = preSolution
		Debug|Any CPU = Debug|Any CPU
		Release|Any CPU = Release|Any CPU
	EndGlobalSection
	GlobalSection(ProjectConfigurationPlatforms) = postSolution
		{CAD9654C-B1ED-41DF-915E-696A2269F2EA}.Debug|Any CPU.ActiveCfg = Debug|Any CPU
		{CAD9654C-B1ED-41DF-915E-696A2269F2EA}.Debug|Any CPU.Build.0 = Debug|Any CPU
		{CAD9654C-B1ED-41DF-915E-696A2269F2EA}.Release|Any CPU.ActiveCfg = Release|Any CPU
		{CAD9654C-B1ED-41DF-915E-696A2269F2EA}.Release|Any CPU.Build.0 = Release|Any CPU
		{19958089-9CEA-4EE9-868E-C716C5C64BF2}.Debug|Any CPU.ActiveCfg = Debug|Any CPU
		{19958089-9CEA-4EE9-868E-C716C5C64BF2}.Debug|Any CPU.Build.0 = Debug|Any CPU
		{19958089-9CEA-4EE9-868E-C716C5C64BF2}.Release|Any CPU.ActiveCfg = Release|Any CPU
		{19958089-9CEA-4EE9-868E-C716C5C64BF2}.Release|Any CPU.Build.0 = Release|Any CPU
	EndGlobalSection
	GlobalSection(SolutionProperties) = preSolution
		HideSolutionNode = FALSE
	EndGlobalSection
	GlobalSection(ExtensibilityGlobals) = postSolution
		SolutionGuid = {83D57C5E-F50D-4387-944C-6EF2B2F4AE7F}
	EndGlobalSection
EndGlobal
